
Microsoft Visual Studio Solution File, Format Version 12.00
# Visual Studio 2012
Project("{8BC9CEB8-8B4A-11D0-8D11-00A0C91BC942}") = "ex01", "ex01\ex01.vcxproj", "{10C71C1B-78A9-4F84-9F11-50077C99F6FF}"
EndProject
Project("{8BC9CEB8-8B4A-11D0-8D11-00A0C91BC942}") = "ex02", "ex02\ex02.vcxproj", "{512FE99F-7852-4DA8-B536-6718AF721E58}"
EndProject
Project("{8BC9CEB8-8B4A-11D0-8D11-00A0C91BC942}") = "ex03", "ex03\ex03.vcxproj", "{0AD40C52-8C4B-4835-9E69-0A124EBEBDF5}"
EndProject
Project("{8BC9CEB8-8B4A-11D0-8D11-00A0C91BC942}") = "ex04", "ex04\ex04.vcxproj", "{5DDE59E1-A73E-45E8-B7A6-03E6603A3CB8}"
EndProject
Project("{8BC9CEB8-8B4A-11D0-8D11-00A0C91BC942}") = "ex05", "ex05\ex05.vcxproj", "{DE2A0E14-A1E6-4263-9E91-57889AD3D0DB}"
EndProject
Project("{8BC9CEB8-8B4A-11D0-8D11-00A0C91BC942}") = "ex06", "ex06\ex06.vcxproj", "{6D372272-B447-4FE5-A94E-06ACFE4A1613}"
EndProject
Project("{8BC9CEB8-8B4A-11D0-8D11-00A0C91BC942}") = "ex07", "ex07\ex07.vcxproj", "{93805BB2-E3FB-4A34-AB22-FFAA969C3C9B}"
EndProject
Project("{8BC9CEB8-8B4A-11D0-8D11-00A0C91BC942}") = "ex08", "ex08\ex08.vcxproj", "{4C6A84CA-28EE-402D-80A1-B597B4B905F8}"
EndProject
Project("{8BC9CEB8-8B4A-11D0-8D11-00A0C91BC942}") = "ex09", "ex09\ex09.vcxproj", "{2D9C103D-4093-45E8-AAB7-BF3358BADC36}"
EndProject
Project("{8BC9CEB8-8B4A-11D0-8D11-00A0C91BC942}") = "ex10", "ex10\ex10.vcxproj", "{B70E5CC0-9C71-4B9C-8195-EAF3D54F9A4E}"
EndProject
Project("{8BC9CEB8-8B4A-11D0-8D11-00A0C91BC942}") = "ex11", "ex11\ex11.vcxproj", "{2AD565EF-5068-47A6-A9AD-25E2DB166550}"
EndProject
Project("{8BC9CEB8-8B4A-11D0-8D11-00A0C91BC942}") = "ex12", "ex12\ex12.vcxproj", "{C7BA63E5-2CBA-4959-AB00-819ADD6561E1}"
EndProject
Project("{8BC9CEB8-8B4A-11D0-8D11-00A0C91BC942}") = "ex02_core", "ex02_core\ex02_core.vcxproj", "{41442045-BA13-4561-A4C6-E6F660E613F7}"
EndProject
Project("{8BC9CEB8-8B4A-11D0-8D11-00A0C91BC942}") = "ex14", "ex14\ex14.vcxproj", "{1531FADD-9AF8-4B03-BBB2-BFA69A38DAF3}"
EndProject
Project("{8BC9CEB8-8B4A-11D0-8D11-00A0C91BC942}") = "ex16", "ex16\ex16.vcxproj", "{233D1FC2-04BC-4230-9F1A-F1B79660B9CD}"
EndProject
Project("{8BC9CEB8-8B4A-11D0-8D11-00A0C91BC942}") = "ex17", "ex17\ex17.vcxproj", "{2C25E640-9A84-48E4-9634-F293AC588374}"
EndProject
Project("{8BC9CEB8-8B4A-11D0-8D11-00A0C91BC942}") = "cgl", "cgl\cgl.vcxproj", "{BBAEDC2C-A414-4A75-A2C4-49C7F56F09C5}"
EndProject
Project("{8BC9CEB8-8B4A-11D0-8D11-00A0C91BC942}") = "ex18", "ex18\ex18.vcxproj", "{9C538612-B47A-48D9-B885-816E3F1D572D}"
EndProject
Project("{8BC9CEB8-8B4A-11D0-8D11-00A0C91BC942}") = "ex20", "ex20\ex20.vcxproj", "{D7D26FDD-2370-4E67-A064-16F51C962B5B}"
EndProject
Project("{8BC9CEB8-8B4A-11D0-8D11-00A0C91BC942}") = "ex21", "ex21\ex21.vcxproj", "{273142E8-56FB-43A4-A46D-03B2F00CDE77}"
EndProject
Project("{8BC9CEB8-8B4A-11D0-8D11-00A0C91BC942}") = "ex22", "ex22\ex22.vcxproj", "{81DAA8F4-484E-4F45-A680-00F43178AE16}"
EndProject
Project("{8BC9CEB8-8B4A-11D0-8D11-00A0C91BC942}") = "ex23", "ex23\ex23.vcxproj", "{A071C646-C82D-4992-A8E3-EE87C6EE0DCB}"
EndProject
Project("{8BC9CEB8-8B4A-11D0-8D11-00A0C91BC942}") = "ex24", "ex24\ex24.vcxproj", "{736B63B3-2A72-47DA-9069-42EFC52B18C8}"
EndProject
Project("{8BC9CEB8-8B4A-11D0-8D11-00A0C91BC942}") = "ex25", "ex25\ex25.vcxproj", "{9227FF26-EE7F-4C92-BF9C-A52305242A54}"
EndProject
Project("{8BC9CEB8-8B4A-11D0-8D11-00A0C91BC942}") = "ex26", "ex26\ex26.vcxproj", "{F245B361-701C-4007-B7C0-05FC74D5A3C5}"
EndProject
Project("{8BC9CEB8-8B4A-11D0-8D11-00A0C91BC942}") = "ex27", "ex27\ex27.vcxproj", "{46573BA5-0D33-43A4-957C-A28C42AE176B}"
EndProject
Project("{8BC9CEB8-8B4A-11D0-8D11-00A0C91BC942}") = "ex28", "ex28\ex28.vcxproj", "{B763904E-CB62-445C-8406-DA6456F455C8}"
EndProject
Global
	GlobalSection(SolutionConfigurationPlatforms) = preSolution
		Debug|Win32 = Debug|Win32
		Release|Win32 = Release|Win32
	EndGlobalSection
	GlobalSection(ProjectConfigurationPlatforms) = postSolution
		{10C71C1B-78A9-4F84-9F11-50077C99F6FF}.Debug|Win32.ActiveCfg = Debug|Win32
		{10C71C1B-78A9-4F84-9F11-50077C99F6FF}.Debug|Win32.Build.0 = Debug|Win32
		{10C71C1B-78A9-4F84-9F11-50077C99F6FF}.Release|Win32.ActiveCfg = Release|Win32
		{10C71C1B-78A9-4F84-9F11-50077C99F6FF}.Release|Win32.Build.0 = Release|Win32
		{512FE99F-7852-4DA8-B536-6718AF721E58}.Debug|Win32.ActiveCfg = Debug|Win32
		{512FE99F-7852-4DA8-B536-6718AF721E58}.Debug|Win32.Build.0 = Debug|Win32
		{512FE99F-7852-4DA8-B536-6718AF721E58}.Release|Win32.ActiveCfg = Release|Win32
		{512FE99F-7852-4DA8-B536-6718AF721E58}.Release|Win32.Build.0 = Release|Win32
		{0AD40C52-8C4B-4835-9E69-0A124EBEBDF5}.Debug|Win32.ActiveCfg = Debug|Win32
		{0AD40C52-8C4B-4835-9E69-0A124EBEBDF5}.Debug|Win32.Build.0 = Debug|Win32
		{0AD40C52-8C4B-4835-9E69-0A124EBEBDF5}.Release|Win32.ActiveCfg = Release|Win32
		{0AD40C52-8C4B-4835-9E69-0A124EBEBDF5}.Release|Win32.Build.0 = Release|Win32
		{5DDE59E1-A73E-45E8-B7A6-03E6603A3CB8}.Debug|Win32.ActiveCfg = Debug|Win32
		{5DDE59E1-A73E-45E8-B7A6-03E6603A3CB8}.Debug|Win32.Build.0 = Debug|Win32
		{5DDE59E1-A73E-45E8-B7A6-03E6603A3CB8}.Release|Win32.ActiveCfg = Release|Win32
		{5DDE59E1-A73E-45E8-B7A6-03E6603A3CB8}.Release|Win32.Build.0 = Release|Win32
		{DE2A0E14-A1E6-4263-9E91-57889AD3D0DB}.Debug|Win32.ActiveCfg = Debug|Win32
		{DE2A0E14-A1E6-4263-9E91-57889AD3D0DB}.Debug|Win32.Build.0 = Debug|Win32
		{DE2A0E14-A1E6-4263-9E91-57889AD3D0DB}.Release|Win32.ActiveCfg = Release|Win32
		{DE2A0E14-A1E6-4263-9E91-57889AD3D0DB}.Release|Win32.Build.0 = Release|Win32
		{6D372272-B447-4FE5-A94E-06ACFE4A1613}.Debug|Win32.ActiveCfg = Debug|Win32
		{6D372272-B447-4FE5-A94E-06ACFE4A1613}.Debug|Win32.Build.0 = Debug|Win32
		{6D372272-B447-4FE5-A94E-06ACFE4A1613}.Release|Win32.ActiveCfg = Release|Win32
		{6D372272-B447-4FE5-A94E-06ACFE4A1613}.Release|Win32.Build.0 = Release|Win32
		{93805BB2-E3FB-4A34-AB22-FFAA969C3C9B}.Debug|Win32.ActiveCfg = Debug|Win32
		{93805BB2-E3FB-4A34-AB22-FFAA969C3C9B}.Debug|Win32.Build.0 = Debug|Win32
		{93805BB2-E3FB-4A34-AB22-FFAA969C3C9B}.Release|Win32.ActiveCfg = Release|Win32
		{93805BB2-E3FB-4A34-AB22-FFAA969C3C9B}.Release|Win32.Build.0 = Release|Win32
		{4C6A84CA-28EE-402D-80A1-B597B4B905F8}.Debug|Win32.ActiveCfg = Debug|Win32
		{4C6A84CA-28EE-402D-80A1-B597B4B905F8}.Debug|Win32.Build.0 = Debug|Win32
		{4C6A84CA-28EE-402D-80A1-B597B4B905F8}.Release|Win32.ActiveCfg = Release|Win32
		{4C6A84CA-28EE-402D-80A1-B597B4B905F8}.Release|Win32.Build.0 = Release|Win32
		{2D9C103D-4093-45E8-AAB7-BF3358BADC36}.Debug|Win32.ActiveCfg = Debug|Win32
		{2D9C103D-4093-45E8-AAB7-BF3358BADC36}.Debug|Win32.Build.0 = Debug|Win32
		{2D9C103D-4093-45E8-AAB7-BF3358BADC36}.Release|Win32.ActiveCfg = Release|Win32
		{2D9C103D-4093-45E8-AAB7-BF3358BADC36}.Release|Win32.Build.0 = Release|Win32
		{B70E5CC0-9C71-4B9C-8195-EAF3D54F9A4E}.Debug|Win32.ActiveCfg = Debug|Win32
		{B70E5CC0-9C71-4B9C-8195-EAF3D54F9A4E}.Debug|Win32.Build.0 = Debug|Win32
		{B70E5CC0-9C71-4B9C-8195-EAF3D54F9A4E}.Release|Win32.ActiveCfg = Release|Win32
		{B70E5CC0-9C71-4B9C-8195-EAF3D54F9A4E}.Release|Win32.Build.0 = Release|Win32
		{2AD565EF-5068-47A6-A9AD-25E2DB166550}.Debug|Win32.ActiveCfg = Debug|Win32
		{2AD565EF-5068-47A6-A9AD-25E2DB166550}.Debug|Win32.Build.0 = Debug|Win32
		{2AD565EF-5068-47A6-A9AD-25E2DB166550}.Release|Win32.ActiveCfg = Release|Win32
		{2AD565EF-5068-47A6-A9AD-25E2DB166550}.Release|Win32.Build.0 = Release|Win32
		{C7BA63E5-2CBA-4959-AB00-819ADD6561E1}.Debug|Win32.ActiveCfg = Debug|Win32
		{C7BA63E5-2CBA-4959-AB00-819ADD6561E1}.Debug|Win32.Build.0 = Debug|Win32
		{C7BA63E5-2CBA-4959-AB00-819ADD6561E1}.Release|Win32.ActiveCfg = Release|Win32
		{C7BA63E5-2CBA-4959-AB00-819ADD6561E1}.Release|Win32.Build.0 = Release|Win32
		{41442045-BA13-4561-A4C6-E6F660E613F7}.Debug|Win32.ActiveCfg = Debug|Win32
		{41442045-BA13-4561-A4C6-E6F660E613F7}.Debug|Win32.Build.0 = Debug|Win32
		{41442045-BA13-4561-A4C6-E6F660E613F7}.Release|Win32.ActiveCfg = Release|Win32
		{41442045-BA13-4561-A4C6-E6F660E613F7}.Release|Win32.Build.0 = Release|Win32
		{1531FADD-9AF8-4B03-BBB2-BFA69A38DAF3}.Debug|Win32.ActiveCfg = Debug|Win32
		{1531FADD-9AF8-4B03-BBB2-BFA69A38DAF3}.Debug|Win32.Build.0 = Debug|Win32
		{1531FADD-9AF8-4B03-BBB2-BFA69A38DAF3}.Release|Win32.ActiveCfg = Release|Win32
		{1531FADD-9AF8-4B03-BBB2-BFA69A38DAF3}.Release|Win32.Build.0 = Release|Win32
		{233D1FC2-04BC-4230-9F1A-F1B79660B9CD}.Debug|Win32.ActiveCfg = Debug|Win32
		{233D1FC2-04BC-4230-9F1A-F1B79660B9CD}.Debug|Win32.Build.0 = Debug|Win32
		{233D1FC2-04BC-4230-9F1A-F1B79660B9CD}.Release|Win32.ActiveCfg = Release|Win32
		{233D1FC2-04BC-4230-9F1A-F1B79660B9CD}.Release|Win32.Build.0 = Release|Win32
		{2C25E640-9A84-48E4-9634-F293AC588374}.Debug|Win32.ActiveCfg = Debug|Win32
		{2C25E640-9A84-48E4-9634-F293AC588374}.Debug|Win32.Build.0 = Debug|Win32
		{2C25E640-9A84-48E4-9634-F293AC588374}.Release|Win32.ActiveCfg = Release|Win32
		{2C25E640-9A84-48E4-9634-F293AC588374}.Release|Win32.Build.0 = Release|Win32
		{BBAEDC2C-A414-4A75-A2C4-49C7F56F09C5}.Debug|Win32.ActiveCfg = Debug|Win32
		{BBAEDC2C-A414-4A75-A2C4-49C7F56F09C5}.Debug|Win32.Build.0 = Debug|Win32
		{BBAEDC2C-A414-4A75-A2C4-49C7F56F09C5}.Release|Win32.ActiveCfg = Release|Win32
		{BBAEDC2C-A414-4A75-A2C4-49C7F56F09C5}.Release|Win32.Build.0 = Release|Win32
		{9C538612-B47A-48D9-B885-816E3F1D572D}.Debug|Win32.ActiveCfg = Debug|Win32
		{9C538612-B47A-48D9-B885-816E3F1D572D}.Debug|Win32.Build.0 = Debug|Win32
		{9C538612-B47A-48D9-B885-816E3F1D572D}.Release|Win32.ActiveCfg = Release|Win32
		{9C538612-B47A-48D9-B885-816E3F1D572D}.Release|Win32.Build.0 = Release|Win32
		{D7D26FDD-2370-4E67-A064-16F51C962B5B}.Debug|Win32.ActiveCfg = Debug|Win32
		{D7D26FDD-2370-4E67-A064-16F51C962B5B}.Debug|Win32.Build.0 = Debug|Win32
		{D7D26FDD-2370-4E67-A064-16F51C962B5B}.Release|Win32.ActiveCfg = Release|Win32
		{D7D26FDD-2370-4E67-A064-16F51C962B5B}.Release|Win32.Build.0 = Release|Win32
		{273142E8-56FB-43A4-A46D-03B2F00CDE77}.Debug|Win32.ActiveCfg = Debug|Win32
		{273142E8-56FB-43A4-A46D-03B2F00CDE77}.Debug|Win32.Build.0 = Debug|Win32
		{273142E8-56FB-43A4-A46D-03B2F00CDE77}.Release|Win32.ActiveCfg = Release|Win32
		{273142E8-56FB-43A4-A46D-03B2F00CDE77}.Release|Win32.Build.0 = Release|Win32
		{81DAA8F4-484E-4F45-A680-00F43178AE16}.Debug|Win32.ActiveCfg = Debug|Win32
		{81DAA8F4-484E-4F45-A680-00F43178AE16}.Debug|Win32.Build.0 = Debug|Win32
		{81DAA8F4-484E-4F45-A680-00F43178AE16}.Release|Win32.ActiveCfg = Release|Win32
		{81DAA8F4-484E-4F45-A680-00F43178AE16}.Release|Win32.Build.0 = Release|Win32
		{A071C646-C82D-4992-A8E3-EE87C6EE0DCB}.Debug|Win32.ActiveCfg = Debug|Win32
		{A071C646-C82D-4992-A8E3-EE87C6EE0DCB}.Debug|Win32.Build.0 = Debug|Win32
		{A071C646-C82D-4992-A8E3-EE87C6EE0DCB}.Release|Win32.ActiveCfg = Release|Win32
		{A071C646-C82D-4992-A8E3-EE87C6EE0DCB}.Release|Win32.Build.0 = Release|Win32
		{736B63B3-2A72-47DA-9069-42EFC52B18C8}.Debug|Win32.ActiveCfg = Debug|Win32
		{736B63B3-2A72-47DA-9069-42EFC52B18C8}.Debug|Win32.Build.0 = Debug|Win32
		{736B63B3-2A72-47DA-9069-42EFC52B18C8}.Release|Win32.ActiveCfg = Release|Win32
		{736B63B3-2A72-47DA-9069-42EFC52B18C8}.Release|Win32.Build.0 = Release|Win32
		{9227FF26-EE7F-4C92-BF9C-A52305242A54}.Debug|Win32.ActiveCfg = Debug|Win32
		{9227FF26-EE7F-4C92-BF9C-A52305242A54}.Debug|Win32.Build.0 = Debug|Win32
		{9227FF26-EE7F-4C92-BF9C-A52305242A54}.Release|Win32.ActiveCfg = Release|Win32
		{9227FF26-EE7F-4C92-BF9C-A52305242A54}.Release|Win32.Build.0 = Release|Win32
		{F245B361-701C-4007-B7C0-05FC74D5A3C5}.Debug|Win32.ActiveCfg = Debug|Win32
		{F245B361-701C-4007-B7C0-05FC74D5A3C5}.Debug|Win32.Build.0 = Debug|Win32
		{F245B361-701C-4007-B7C0-05FC74D5A3C5}.Release|Win32.ActiveCfg = Release|Win32
		{F245B361-701C-4007-B7C0-05FC74D5A3C5}.Release|Win32.Build.0 = Release|Win32
		{46573BA5-0D33-43A4-957C-A28C42AE176B}.Debug|Win32.ActiveCfg = Debug|Win32
		{46573BA5-0D33-43A4-957C-A28C42AE176B}.Debug|Win32.Build.0 = Debug|Win32
		{46573BA5-0D33-43A4-957C-A28C42AE176B}.Release|Win32.ActiveCfg = Release|Win32
		{46573BA5-0D33-43A4-957C-A28C42AE176B}.Release|Win32.Build.0 = Release|Win32
		{B763904E-CB62-445C-8406-DA6456F455C8}.Debug|Win32.ActiveCfg = Debug|Win32
		{B763904E-CB62-445C-8406-DA6456F455C8}.Debug|Win32.Build.0 = Debug|Win32
		{B763904E-CB62-445C-8406-DA6456F455C8}.Release|Win32.ActiveCfg = Release|Win32
		{B763904E-CB62-445C-8406-DA6456F455C8}.Release|Win32.Build.0 = Release|Win32
	EndGlobalSection
	GlobalSection(SolutionProperties) = preSolution
		HideSolutionNode = FALSE
	EndGlobalSection
EndGlobal
