
Microsoft Visual Studio Solution File, Format Version 10.00
# Visual C++ Express 2008
Project("{8BC9CEB8-8B4A-11D0-8D11-00A0C91BC942}") = "ex01_partial", "ex01\ex01.vcproj", "{56CB2156-03B2-4BCA-B51A-A01B8A5814CC}"
EndProject
Project("{8BC9CEB8-8B4A-11D0-8D11-00A0C91BC942}") = "ex02_partial", "ex02\ex02.vcproj", "{76BCB3BD-3A41-4A93-B646-5E971A73158B}"
EndProject
Project("{8BC9CEB8-8B4A-11D0-8D11-00A0C91BC942}") = "ex03_partial", "ex03\ex03.vcproj", "{643FEF73-E8F8-45E2-9FD9-B5640B7A7E58}"
EndProject
Project("{8BC9CEB8-8B4A-11D0-8D11-00A0C91BC942}") = "ex04_partial", "ex04\ex04.vcproj", "{D83A7C07-EA7A-4052-B98B-081E61963E78}"
EndProject
Project("{8BC9CEB8-8B4A-11D0-8D11-00A0C91BC942}") = "ex05_partial", "ex05\ex05.vcproj", "{67E35F3E-3E38-4565-BEC6-F569F829747F}"
EndProject
Project("{8BC9CEB8-8B4A-11D0-8D11-00A0C91BC942}") = "ex06_partial", "ex06\ex06.vcproj", "{8869939D-FBB7-4242-97AF-AC5CE1593B1C}"
EndProject
Project("{8BC9CEB8-8B4A-11D0-8D11-00A0C91BC942}") = "ex07_partial", "ex07\ex07.vcproj", "{9BF0E584-6968-4ED1-B3EC-7580610E8BA0}"
EndProject
Project("{8BC9CEB8-8B4A-11D0-8D11-00A0C91BC942}") = "ex08_partial", "ex08\ex08.vcproj", "{FE0B4948-00E3-42C9-AC28-80F9AC6EC6B4}"
EndProject
Project("{8BC9CEB8-8B4A-11D0-8D11-00A0C91BC942}") = "ex09_partial", "ex09\ex09.vcproj", "{9081DC61-F0FD-4439-9A7D-FCE35CE5AF65}"
EndProject
Project("{8BC9CEB8-8B4A-11D0-8D11-00A0C91BC942}") = "ex10_partial", "ex10\ex10.vcproj", "{1A917DDA-F756-4AF3-8A5A-65220125C110}"
EndProject
Project("{8BC9CEB8-8B4A-11D0-8D11-00A0C91BC942}") = "sandbox01", "sandbox01\sandbox01.vcproj", "{0ED42D67-B5B0-4DBD-8E5B-05201C730832}"
EndProject
Global
	GlobalSection(SolutionConfigurationPlatforms) = preSolution
		Debug|Win32 = Debug|Win32
		Release|Win32 = Release|Win32
	EndGlobalSection
	GlobalSection(ProjectConfigurationPlatforms) = postSolution
		{56CB2156-03B2-4BCA-B51A-A01B8A5814CC}.Debug|Win32.ActiveCfg = Debug|Win32
		{56CB2156-03B2-4BCA-B51A-A01B8A5814CC}.Debug|Win32.Build.0 = Debug|Win32
		{56CB2156-03B2-4BCA-B51A-A01B8A5814CC}.Release|Win32.ActiveCfg = Release|Win32
		{56CB2156-03B2-4BCA-B51A-A01B8A5814CC}.Release|Win32.Build.0 = Release|Win32
		{76BCB3BD-3A41-4A93-B646-5E971A73158B}.Debug|Win32.ActiveCfg = Debug|Win32
		{76BCB3BD-3A41-4A93-B646-5E971A73158B}.Debug|Win32.Build.0 = Debug|Win32
		{76BCB3BD-3A41-4A93-B646-5E971A73158B}.Release|Win32.ActiveCfg = Release|Win32
		{76BCB3BD-3A41-4A93-B646-5E971A73158B}.Release|Win32.Build.0 = Release|Win32
		{643FEF73-E8F8-45E2-9FD9-B5640B7A7E58}.Debug|Win32.ActiveCfg = Debug|Win32
		{643FEF73-E8F8-45E2-9FD9-B5640B7A7E58}.Debug|Win32.Build.0 = Debug|Win32
		{643FEF73-E8F8-45E2-9FD9-B5640B7A7E58}.Release|Win32.ActiveCfg = Release|Win32
		{643FEF73-E8F8-45E2-9FD9-B5640B7A7E58}.Release|Win32.Build.0 = Release|Win32
		{D83A7C07-EA7A-4052-B98B-081E61963E78}.Debug|Win32.ActiveCfg = Debug|Win32
		{D83A7C07-EA7A-4052-B98B-081E61963E78}.Debug|Win32.Build.0 = Debug|Win32
		{D83A7C07-EA7A-4052-B98B-081E61963E78}.Release|Win32.ActiveCfg = Release|Win32
		{D83A7C07-EA7A-4052-B98B-081E61963E78}.Release|Win32.Build.0 = Release|Win32
		{67E35F3E-3E38-4565-BEC6-F569F829747F}.Debug|Win32.ActiveCfg = Debug|Win32
		{67E35F3E-3E38-4565-BEC6-F569F829747F}.Debug|Win32.Build.0 = Debug|Win32
		{67E35F3E-3E38-4565-BEC6-F569F829747F}.Release|Win32.ActiveCfg = Release|Win32
		{67E35F3E-3E38-4565-BEC6-F569F829747F}.Release|Win32.Build.0 = Release|Win32
		{8869939D-FBB7-4242-97AF-AC5CE1593B1C}.Debug|Win32.ActiveCfg = Debug|Win32
		{8869939D-FBB7-4242-97AF-AC5CE1593B1C}.Debug|Win32.Build.0 = Debug|Win32
		{8869939D-FBB7-4242-97AF-AC5CE1593B1C}.Release|Win32.ActiveCfg = Release|Win32
		{8869939D-FBB7-4242-97AF-AC5CE1593B1C}.Release|Win32.Build.0 = Release|Win32
		{9BF0E584-6968-4ED1-B3EC-7580610E8BA0}.Debug|Win32.ActiveCfg = Debug|Win32
		{9BF0E584-6968-4ED1-B3EC-7580610E8BA0}.Debug|Win32.Build.0 = Debug|Win32
		{9BF0E584-6968-4ED1-B3EC-7580610E8BA0}.Release|Win32.ActiveCfg = Release|Win32
		{9BF0E584-6968-4ED1-B3EC-7580610E8BA0}.Release|Win32.Build.0 = Release|Win32
		{FE0B4948-00E3-42C9-AC28-80F9AC6EC6B4}.Debug|Win32.ActiveCfg = Debug|Win32
		{FE0B4948-00E3-42C9-AC28-80F9AC6EC6B4}.Debug|Win32.Build.0 = Debug|Win32
		{FE0B4948-00E3-42C9-AC28-80F9AC6EC6B4}.Release|Win32.ActiveCfg = Release|Win32
		{FE0B4948-00E3-42C9-AC28-80F9AC6EC6B4}.Release|Win32.Build.0 = Release|Win32
		{9081DC61-F0FD-4439-9A7D-FCE35CE5AF65}.Debug|Win32.ActiveCfg = Debug|Win32
		{9081DC61-F0FD-4439-9A7D-FCE35CE5AF65}.Debug|Win32.Build.0 = Debug|Win32
		{9081DC61-F0FD-4439-9A7D-FCE35CE5AF65}.Release|Win32.ActiveCfg = Release|Win32
		{9081DC61-F0FD-4439-9A7D-FCE35CE5AF65}.Release|Win32.Build.0 = Release|Win32
		{1A917DDA-F756-4AF3-8A5A-65220125C110}.Debug|Win32.ActiveCfg = Debug|Win32
		{1A917DDA-F756-4AF3-8A5A-65220125C110}.Debug|Win32.Build.0 = Debug|Win32
		{1A917DDA-F756-4AF3-8A5A-65220125C110}.Release|Win32.ActiveCfg = Release|Win32
		{1A917DDA-F756-4AF3-8A5A-65220125C110}.Release|Win32.Build.0 = Release|Win32
		{0ED42D67-B5B0-4DBD-8E5B-05201C730832}.Debug|Win32.ActiveCfg = Debug|Win32
		{0ED42D67-B5B0-4DBD-8E5B-05201C730832}.Debug|Win32.Build.0 = Debug|Win32
		{0ED42D67-B5B0-4DBD-8E5B-05201C730832}.Release|Win32.ActiveCfg = Release|Win32
		{0ED42D67-B5B0-4DBD-8E5B-05201C730832}.Release|Win32.Build.0 = Release|Win32
	EndGlobalSection
	GlobalSection(SolutionProperties) = preSolution
		HideSolutionNode = FALSE
	EndGlobalSection
EndGlobal
