
Microsoft Visual Studio Solution File, Format Version 12.00
# Visual Studio 2012
Project("{8BC9CEB8-8B4A-11D0-8D11-00A0C91BC942}") = "ex09_partial", "ex09\ex09.vcxproj", "{9081DC61-F0FD-4439-9A7D-FCE35CE5AF65}"
EndProject
Project("{8BC9CEB8-8B4A-11D0-8D11-00A0C91BC942}") = "sandbox01", "sandbox01\sandbox01.vcxproj", "{D684FCBB-7308-4904-A6F2-898E158B0E27}"
EndProject
Project("{8BC9CEB8-8B4A-11D0-8D11-00A0C91BC942}") = "ex21_partial", "ex21\ex21.vcxproj", "{273142E8-56FB-43A4-A46D-03B2F00CDE77}"
EndProject
Project("{8BC9CEB8-8B4A-11D0-8D11-00A0C91BC942}") = "ex23_partial", "ex23\ex23.vcxproj", "{A071C646-C82D-4992-A8E3-EE87C6EE0DCB}"
EndProject
Project("{8BC9CEB8-8B4A-11D0-8D11-00A0C91BC942}") = "ex02_core_partial", "ex02_core\ex02_core.vcxproj", "{41442045-BA13-4561-A4C6-E6F660E613F7}"
EndProject
Project("{8BC9CEB8-8B4A-11D0-8D11-00A0C91BC942}") = "ex25_partial", "ex25\ex25.vcxproj", "{9227FF26-EE7F-4C92-BF9C-A52305242A54}"
EndProject
Global
	GlobalSection(SolutionConfigurationPlatforms) = preSolution
		Debug|Win32 = Debug|Win32
		Release|Win32 = Release|Win32
	EndGlobalSection
	GlobalSection(ProjectConfigurationPlatforms) = postSolution
		{9081DC61-F0FD-4439-9A7D-FCE35CE5AF65}.Debug|Win32.ActiveCfg = Debug|Win32
		{9081DC61-F0FD-4439-9A7D-FCE35CE5AF65}.Debug|Win32.Build.0 = Debug|Win32
		{9081DC61-F0FD-4439-9A7D-FCE35CE5AF65}.Release|Win32.ActiveCfg = Release|Win32
		{9081DC61-F0FD-4439-9A7D-FCE35CE5AF65}.Release|Win32.Build.0 = Release|Win32
		{D684FCBB-7308-4904-A6F2-898E158B0E27}.Debug|Win32.ActiveCfg = Debug|Win32
		{D684FCBB-7308-4904-A6F2-898E158B0E27}.Debug|Win32.Build.0 = Debug|Win32
		{D684FCBB-7308-4904-A6F2-898E158B0E27}.Release|Win32.ActiveCfg = Release|Win32
		{D684FCBB-7308-4904-A6F2-898E158B0E27}.Release|Win32.Build.0 = Release|Win32
		{273142E8-56FB-43A4-A46D-03B2F00CDE77}.Debug|Win32.ActiveCfg = Debug|Win32
		{273142E8-56FB-43A4-A46D-03B2F00CDE77}.Debug|Win32.Build.0 = Debug|Win32
		{273142E8-56FB-43A4-A46D-03B2F00CDE77}.Release|Win32.ActiveCfg = Release|Win32
		{273142E8-56FB-43A4-A46D-03B2F00CDE77}.Release|Win32.Build.0 = Release|Win32
		{A071C646-C82D-4992-A8E3-EE87C6EE0DCB}.Debug|Win32.ActiveCfg = Debug|Win32
		{A071C646-C82D-4992-A8E3-EE87C6EE0DCB}.Debug|Win32.Build.0 = Debug|Win32
		{A071C646-C82D-4992-A8E3-EE87C6EE0DCB}.Release|Win32.ActiveCfg = Release|Win32
		{A071C646-C82D-4992-A8E3-EE87C6EE0DCB}.Release|Win32.Build.0 = Release|Win32
		{41442045-BA13-4561-A4C6-E6F660E613F7}.Debug|Win32.ActiveCfg = Debug|Win32
		{41442045-BA13-4561-A4C6-E6F660E613F7}.Debug|Win32.Build.0 = Debug|Win32
		{41442045-BA13-4561-A4C6-E6F660E613F7}.Release|Win32.ActiveCfg = Release|Win32
		{41442045-BA13-4561-A4C6-E6F660E613F7}.Release|Win32.Build.0 = Release|Win32
		{9227FF26-EE7F-4C92-BF9C-A52305242A54}.Debug|Win32.ActiveCfg = Debug|Win32
		{9227FF26-EE7F-4C92-BF9C-A52305242A54}.Debug|Win32.Build.0 = Debug|Win32
		{9227FF26-EE7F-4C92-BF9C-A52305242A54}.Release|Win32.ActiveCfg = Release|Win32
		{9227FF26-EE7F-4C92-BF9C-A52305242A54}.Release|Win32.Build.0 = Release|Win32
	EndGlobalSection
	GlobalSection(SolutionProperties) = preSolution
		HideSolutionNode = FALSE
	EndGlobalSection
EndGlobal
